
Microsoft Visual Studio Solution File, Format Version 11.00
# Visual Studio 2010
Project("{FAE04EC0-301F-11D3-BF4B-00C04F79EFBC}") = "Threadtail.Server.WebApp", "Threadtail.Server.WebApp\Threadtail.Server.WebApp.csproj", "{20CA2326-7948-469B-9990-D94AE80FEE32}"
EndProject
Project("{FAE04EC0-301F-11D3-BF4B-00C04F79EFBC}") = "Threadtail.RabbitMqUtils", "..\Threadtail.RabbitMqUtils\Threadtail.RabbitMqUtils.csproj", "{CFE7BEF3-C8F7-42B2-B020-65C48351CDB6}"
EndProject
Project("{FAE04EC0-301F-11D3-BF4B-00C04F79EFBC}") = "Threadtail.ServerLibrary", "Threadtail.ServerLibrary\Threadtail.ServerLibrary.csproj", "{9D2F7519-8916-47C2-97A3-75EF023FD458}"
EndProject
Project("{FAE04EC0-301F-11D3-BF4B-00C04F79EFBC}") = "Threadtail.ServerLibrary.Test", "Threadtail.ServerLibrary.Test\Threadtail.ServerLibrary.Test.csproj", "{32CBE5DB-055A-4896-8CBA-CE73A3715D98}"
EndProject
Global
	GlobalSection(SolutionConfigurationPlatforms) = preSolution
		Debug|Any CPU = Debug|Any CPU
		Release|Any CPU = Release|Any CPU
	EndGlobalSection
	GlobalSection(ProjectConfigurationPlatforms) = postSolution
		{20CA2326-7948-469B-9990-D94AE80FEE32}.Debug|Any CPU.ActiveCfg = Debug|Any CPU
		{20CA2326-7948-469B-9990-D94AE80FEE32}.Debug|Any CPU.Build.0 = Debug|Any CPU
		{20CA2326-7948-469B-9990-D94AE80FEE32}.Release|Any CPU.ActiveCfg = Release|Any CPU
		{20CA2326-7948-469B-9990-D94AE80FEE32}.Release|Any CPU.Build.0 = Release|Any CPU
		{CFE7BEF3-C8F7-42B2-B020-65C48351CDB6}.Debug|Any CPU.ActiveCfg = Debug|Any CPU
		{CFE7BEF3-C8F7-42B2-B020-65C48351CDB6}.Debug|Any CPU.Build.0 = Debug|Any CPU
		{CFE7BEF3-C8F7-42B2-B020-65C48351CDB6}.Release|Any CPU.ActiveCfg = Release|Any CPU
		{CFE7BEF3-C8F7-42B2-B020-65C48351CDB6}.Release|Any CPU.Build.0 = Release|Any CPU
		{9D2F7519-8916-47C2-97A3-75EF023FD458}.Debug|Any CPU.ActiveCfg = Debug|Any CPU
		{9D2F7519-8916-47C2-97A3-75EF023FD458}.Debug|Any CPU.Build.0 = Debug|Any CPU
		{9D2F7519-8916-47C2-97A3-75EF023FD458}.Release|Any CPU.ActiveCfg = Release|Any CPU
		{9D2F7519-8916-47C2-97A3-75EF023FD458}.Release|Any CPU.Build.0 = Release|Any CPU
		{32CBE5DB-055A-4896-8CBA-CE73A3715D98}.Debug|Any CPU.ActiveCfg = Debug|Any CPU
		{32CBE5DB-055A-4896-8CBA-CE73A3715D98}.Debug|Any CPU.Build.0 = Debug|Any CPU
		{32CBE5DB-055A-4896-8CBA-CE73A3715D98}.Release|Any CPU.ActiveCfg = Release|Any CPU
		{32CBE5DB-055A-4896-8CBA-CE73A3715D98}.Release|Any CPU.Build.0 = Release|Any CPU
	EndGlobalSection
	GlobalSection(SolutionProperties) = preSolution
		HideSolutionNode = FALSE
	EndGlobalSection
EndGlobal
